// !$*UTF8*$!
{
	archiveVersion = 1;
	classes = {
	};
	objectVersion = 46;
	objects = {

/* Begin PBXBuildFile section */
		46FF3DB91C676BBA0034764A /* AppDelegate.swift in Sources */ = {isa = PBXBuildFile; fileRef = 46FF3DB81C676BBA0034764A /* AppDelegate.swift */; };
		46FF3DBB1C676BBA0034764A /* ViewController.swift in Sources */ = {isa = PBXBuildFile; fileRef = 46FF3DBA1C676BBA0034764A /* ViewController.swift */; };
		46FF3DBE1C676BBA0034764A /* Main.storyboard in Resources */ = {isa = PBXBuildFile; fileRef = 46FF3DBC1C676BBA0034764A /* Main.storyboard */; };
		46FF3DC01C676BBA0034764A /* Assets.xcassets in Resources */ = {isa = PBXBuildFile; fileRef = 46FF3DBF1C676BBA0034764A /* Assets.xcassets */; };
		46FF3DC31C676BBA0034764A /* LaunchScreen.storyboard in Resources */ = {isa = PBXBuildFile; fileRef = 46FF3DC11C676BBA0034764A /* LaunchScreen.storyboard */; };
		46FF3DCE1C676BBA0034764A /* OthelloTests.swift in Sources */ = {isa = PBXBuildFile; fileRef = 46FF3DCD1C676BBA0034764A /* OthelloTests.swift */; };
		46FF3DD91C676BBA0034764A /* OthelloUITests.swift in Sources */ = {isa = PBXBuildFile; fileRef = 46FF3DD81C676BBA0034764A /* OthelloUITests.swift */; };
/* End PBXBuildFile section */

/* Begin PBXContainerItemProxy section */
		46FF3DCA1C676BBA0034764A /* PBXContainerItemProxy */ = {
			isa = PBXContainerItemProxy;
			containerPortal = 46FF3DAD1C676BBA0034764A /* Project object */;
			proxyType = 1;
			remoteGlobalIDString = 46FF3DB41C676BBA0034764A;
			remoteInfo = Othello;
		};
		46FF3DD51C676BBA0034764A /* PBXContainerItemProxy */ = {
			isa = PBXContainerItemProxy;
			containerPortal = 46FF3DAD1C676BBA0034764A /* Project object */;
			proxyType = 1;
			remoteGlobalIDString = 46FF3DB41C676BBA0034764A;
			remoteInfo = Othello;
		};
/* End PBXContainerItemProxy section */

/* Begin PBXFileReference section */
		46FF3DB51C676BBA0034764A /* Othello.app */ = {isa = PBXFileReference; explicitFileType = wrapper.application; includeInIndex = 0; path = Othello.app; sourceTree = BUILT_PRODUCTS_DIR; };
		46FF3DB81C676BBA0034764A /* AppDelegate.swift */ = {isa = PBXFileReference; lastKnownFileType = sourcecode.swift; path = AppDelegate.swift; sourceTree = "<group>"; };
		46FF3DBA1C676BBA0034764A /* ViewController.swift */ = {isa = PBXFileReference; lastKnownFileType = sourcecode.swift; path = ViewController.swift; sourceTree = "<group>"; };
		46FF3DBD1C676BBA0034764A /* Base */ = {isa = PBXFileReference; lastKnownFileType = file.storyboard; name = Base; path = Base.lproj/Main.storyboard; sourceTree = "<group>"; };
		46FF3DBF1C676BBA0034764A /* Assets.xcassets */ = {isa = PBXFileReference; lastKnownFileType = folder.assetcatalog; path = Assets.xcassets; sourceTree = "<group>"; };
		46FF3DC21C676BBA0034764A /* Base */ = {isa = PBXFileReference; lastKnownFileType = file.storyboard; name = Base; path = Base.lproj/LaunchScreen.storyboard; sourceTree = "<group>"; };
		46FF3DC41C676BBA0034764A /* Info.plist */ = {isa = PBXFileReference; lastKnownFileType = text.plist.xml; path = Info.plist; sourceTree = "<group>"; };
		46FF3DC91C676BBA0034764A /* OthelloTests.xctest */ = {isa = PBXFileReference; explicitFileType = wrapper.cfbundle; includeInIndex = 0; path = OthelloTests.xctest; sourceTree = BUILT_PRODUCTS_DIR; };
		46FF3DCD1C676BBA0034764A /* OthelloTests.swift */ = {isa = PBXFileReference; lastKnownFileType = sourcecode.swift; path = OthelloTests.swift; sourceTree = "<group>"; };
		46FF3DCF1C676BBA0034764A /* Info.plist */ = {isa = PBXFileReference; lastKnownFileType = text.plist.xml; path = Info.plist; sourceTree = "<group>"; };
		46FF3DD41C676BBA0034764A /* OthelloUITests.xctest */ = {isa = PBXFileReference; explicitFileType = wrapper.cfbundle; includeInIndex = 0; path = OthelloUITests.xctest; sourceTree = BUILT_PRODUCTS_DIR; };
		46FF3DD81C676BBA0034764A /* OthelloUITests.swift */ = {isa = PBXFileReference; lastKnownFileType = sourcecode.swift; path = OthelloUITests.swift; sourceTree = "<group>"; };
		46FF3DDA1C676BBA0034764A /* Info.plist */ = {isa = PBXFileReference; lastKnownFileType = text.plist.xml; path = Info.plist; sourceTree = "<group>"; };
/* End PBXFileReference section */

/* Begin PBXFrameworksBuildPhase section */
		46FF3DB21C676BBA0034764A /* Frameworks */ = {
			isa = PBXFrameworksBuildPhase;
			buildActionMask = 2147483647;
			files = (
			);
			runOnlyForDeploymentPostprocessing = 0;
		};
		46FF3DC61C676BBA0034764A /* Frameworks */ = {
			isa = PBXFrameworksBuildPhase;
			buildActionMask = 2147483647;
			files = (
			);
			runOnlyForDeploymentPostprocessing = 0;
		};
		46FF3DD11C676BBA0034764A /* Frameworks */ = {
			isa = PBXFrameworksBuildPhase;
			buildActionMask = 2147483647;
			files = (
			);
			runOnlyForDeploymentPostprocessing = 0;
		};
/* End PBXFrameworksBuildPhase section */

/* Begin PBXGroup section */
		46FF3DAC1C676BBA0034764A = {
			isa = PBXGroup;
			children = (
				46FF3DB71C676BBA0034764A /* Othello */,
				46FF3DCC1C676BBA0034764A /* OthelloTests */,
				46FF3DD71C676BBA0034764A /* OthelloUITests */,
				46FF3DB61C676BBA0034764A /* Products */,
			);
			sourceTree = "<group>";
		};
		46FF3DB61C676BBA0034764A /* Products */ = {
			isa = PBXGroup;
			children = (
				46FF3DB51C676BBA0034764A /* Othello.app */,
				46FF3DC91C676BBA0034764A /* OthelloTests.xctest */,
				46FF3DD41C676BBA0034764A /* OthelloUITests.xctest */,
			);
			name = Products;
			sourceTree = "<group>";
		};
		46FF3DB71C676BBA0034764A /* Othello */ = {
			isa = PBXGroup;
			children = (
				46FF3DB81C676BBA0034764A /* AppDelegate.swift */,
				46FF3DBA1C676BBA0034764A /* ViewController.swift */,
				46FF3DBC1C676BBA0034764A /* Main.storyboard */,
				46FF3DBF1C676BBA0034764A /* Assets.xcassets */,
				46FF3DC11C676BBA0034764A /* LaunchScreen.storyboard */,
				46FF3DC41C676BBA0034764A /* Info.plist */,
			);
			path = Othello;
			sourceTree = "<group>";
		};
		46FF3DCC1C676BBA0034764A /* OthelloTests */ = {
			isa = PBXGroup;
			children = (
				46FF3DCD1C676BBA0034764A /* OthelloTests.swift */,
				46FF3DCF1C676BBA0034764A /* Info.plist */,
			);
			path = OthelloTests;
			sourceTree = "<group>";
		};
		46FF3DD71C676BBA0034764A /* OthelloUITests */ = {
			isa = PBXGroup;
			children = (
				46FF3DD81C676BBA0034764A /* OthelloUITests.swift */,
				46FF3DDA1C676BBA0034764A /* Info.plist */,
			);
			path = OthelloUITests;
			sourceTree = "<group>";
		};
/* End PBXGroup section */

/* Begin PBXNativeTarget section */
		46FF3DB41C676BBA0034764A /* Othello */ = {
			isa = PBXNativeTarget;
			buildConfigurationList = 46FF3DDD1C676BBA0034764A /* Build configuration list for PBXNativeTarget "Othello" */;
			buildPhases = (
				46FF3DB11C676BBA0034764A /* Sources */,
				46FF3DB21C676BBA0034764A /* Frameworks */,
				46FF3DB31C676BBA0034764A /* Resources */,
			);
			buildRules = (
			);
			dependencies = (
			);
			name = Othello;
			productName = Othello;
			productReference = 46FF3DB51C676BBA0034764A /* Othello.app */;
			productType = "com.apple.product-type.application";
		};
		46FF3DC81C676BBA0034764A /* OthelloTests */ = {
			isa = PBXNativeTarget;
			buildConfigurationList = 46FF3DE01C676BBA0034764A /* Build configuration list for PBXNativeTarget "OthelloTests" */;
			buildPhases = (
				46FF3DC51C676BBA0034764A /* Sources */,
				46FF3DC61C676BBA0034764A /* Frameworks */,
				46FF3DC71C676BBA0034764A /* Resources */,
			);
			buildRules = (
			);
			dependencies = (
				46FF3DCB1C676BBA0034764A /* PBXTargetDependency */,
			);
			name = OthelloTests;
			productName = OthelloTests;
			productReference = 46FF3DC91C676BBA0034764A /* OthelloTests.xctest */;
			productType = "com.apple.product-type.bundle.unit-test";
		};
		46FF3DD31C676BBA0034764A /* OthelloUITests */ = {
			isa = PBXNativeTarget;
			buildConfigurationList = 46FF3DE31C676BBA0034764A /* Build configuration list for PBXNativeTarget "OthelloUITests" */;
			buildPhases = (
				46FF3DD01C676BBA0034764A /* Sources */,
				46FF3DD11C676BBA0034764A /* Frameworks */,
				46FF3DD21C676BBA0034764A /* Resources */,
			);
			buildRules = (
			);
			dependencies = (
				46FF3DD61C676BBA0034764A /* PBXTargetDependency */,
			);
			name = OthelloUITests;
			productName = OthelloUITests;
			productReference = 46FF3DD41C676BBA0034764A /* OthelloUITests.xctest */;
			productType = "com.apple.product-type.bundle.ui-testing";
		};
/* End PBXNativeTarget section */

/* Begin PBXProject section */
		46FF3DAD1C676BBA0034764A /* Project object */ = {
			isa = PBXProject;
			attributes = {
				LastSwiftUpdateCheck = 0720;
				LastUpgradeCheck = 0720;
				ORGANIZATIONNAME = kujiranoki;
				TargetAttributes = {
					46FF3DB41C676BBA0034764A = {
						CreatedOnToolsVersion = 7.2.1;
					};
					46FF3DC81C676BBA0034764A = {
						CreatedOnToolsVersion = 7.2.1;
						TestTargetID = 46FF3DB41C676BBA0034764A;
					};
					46FF3DD31C676BBA0034764A = {
						CreatedOnToolsVersion = 7.2.1;
						TestTargetID = 46FF3DB41C676BBA0034764A;
					};
				};
			};
			buildConfigurationList = 46FF3DB01C676BBA0034764A /* Build configuration list for PBXProject "Othello" */;
			compatibilityVersion = "Xcode 3.2";
			developmentRegion = English;
			hasScannedForEncodings = 0;
			knownRegions = (
				en,
				Base,
			);
			mainGroup = 46FF3DAC1C676BBA0034764A;
			productRefGroup = 46FF3DB61C676BBA0034764A /* Products */;
			projectDirPath = "";
			projectRoot = "";
			targets = (
				46FF3DB41C676BBA0034764A /* Othello */,
				46FF3DC81C676BBA0034764A /* OthelloTests */,
				46FF3DD31C676BBA0034764A /* OthelloUITests */,
			);
		};
/* End PBXProject section */

/* Begin PBXResourcesBuildPhase section */
		46FF3DB31C676BBA0034764A /* Resources */ = {
			isa = PBXResourcesBuildPhase;
			buildActionMask = 2147483647;
			files = (
				46FF3DC31C676BBA0034764A /* LaunchScreen.storyboard in Resources */,
				46FF3DC01C676BBA0034764A /* Assets.xcassets in Resources */,
				46FF3DBE1C676BBA0034764A /* Main.storyboard in Resources */,
			);
			runOnlyForDeploymentPostprocessing = 0;
		};
		46FF3DC71C676BBA0034764A /* Resources */ = {
			isa = PBXResourcesBuildPhase;
			buildActionMask = 2147483647;
			files = (
			);
			runOnlyForDeploymentPostprocessing = 0;
		};
		46FF3DD21C676BBA0034764A /* Resources */ = {
			isa = PBXResourcesBuildPhase;
			buildActionMask = 2147483647;
			files = (
			);
			runOnlyForDeploymentPostprocessing = 0;
		};
/* End PBXResourcesBuildPhase section */

/* Begin PBXSourcesBuildPhase section */
		46FF3DB11C676BBA0034764A /* Sources */ = {
			isa = PBXSourcesBuildPhase;
			buildActionMask = 2147483647;
			files = (
				46FF3DBB1C676BBA0034764A /* ViewController.swift in Sources */,
				46FF3DB91C676BBA0034764A /* AppDelegate.swift in Sources */,
			);
			runOnlyForDeploymentPostprocessing = 0;
		};
		46FF3DC51C676BBA0034764A /* Sources */ = {
			isa = PBXSourcesBuildPhase;
			buildActionMask = 2147483647;
			files = (
				46FF3DCE1C676BBA0034764A /* OthelloTests.swift in Sources */,
			);
			runOnlyForDeploymentPostprocessing = 0;
		};
		46FF3DD01C676BBA0034764A /* Sources */ = {
			isa = PBXSourcesBuildPhase;
			buildActionMask = 2147483647;
			files = (
				46FF3DD91C676BBA0034764A /* OthelloUITests.swift in Sources */,
			);
			runOnlyForDeploymentPostprocessing = 0;
		};
/* End PBXSourcesBuildPhase section */

/* Begin PBXTargetDependency section */
		46FF3DCB1C676BBA0034764A /* PBXTargetDependency */ = {
			isa = PBXTargetDependency;
			target = 46FF3DB41C676BBA0034764A /* Othello */;
			targetProxy = 46FF3DCA1C676BBA0034764A /* PBXContainerItemProxy */;
		};
		46FF3DD61C676BBA0034764A /* PBXTargetDependency */ = {
			isa = PBXTargetDependency;
			target = 46FF3DB41C676BBA0034764A /* Othello */;
			targetProxy = 46FF3DD51C676BBA0034764A /* PBXContainerItemProxy */;
		};
/* End PBXTargetDependency section */

/* Begin PBXVariantGroup section */
		46FF3DBC1C676BBA0034764A /* Main.storyboard */ = {
			isa = PBXVariantGroup;
			children = (
				46FF3DBD1C676BBA0034764A /* Base */,
			);
			name = Main.storyboard;
			sourceTree = "<group>";
		};
		46FF3DC11C676BBA0034764A /* LaunchScreen.storyboard */ = {
			isa = PBXVariantGroup;
			children = (
				46FF3DC21C676BBA0034764A /* Base */,
			);
			name = LaunchScreen.storyboard;
			sourceTree = "<group>";
		};
/* End PBXVariantGroup section */

/* Begin XCBuildConfiguration section */
		46FF3DDB1C676BBA0034764A /* Debug */ = {
			isa = XCBuildConfiguration;
			buildSettings = {
				ALWAYS_SEARCH_USER_PATHS = NO;
				CLANG_CXX_LANGUAGE_STANDARD = "gnu++0x";
				CLANG_CXX_LIBRARY = "libc++";
				CLANG_ENABLE_MODULES = YES;
				CLANG_ENABLE_OBJC_ARC = YES;
				CLANG_WARN_BOOL_CONVERSION = YES;
				CLANG_WARN_CONSTANT_CONVERSION = YES;
				CLANG_WARN_DIRECT_OBJC_ISA_USAGE = YES_ERROR;
				CLANG_WARN_EMPTY_BODY = YES;
				CLANG_WARN_ENUM_CONVERSION = YES;
				CLANG_WARN_INT_CONVERSION = YES;
				CLANG_WARN_OBJC_ROOT_CLASS = YES_ERROR;
				CLANG_WARN_UNREACHABLE_CODE = YES;
				CLANG_WARN__DUPLICATE_METHOD_MATCH = YES;
				"CODE_SIGN_IDENTITY[sdk=iphoneos*]" = "iPhone Developer";
				COPY_PHASE_STRIP = NO;
				DEBUG_INFORMATION_FORMAT = dwarf;
				ENABLE_STRICT_OBJC_MSGSEND = YES;
				ENABLE_TESTABILITY = YES;
				GCC_C_LANGUAGE_STANDARD = gnu99;
				GCC_DYNAMIC_NO_PIC = NO;
				GCC_NO_COMMON_BLOCKS = YES;
				GCC_OPTIMIZATION_LEVEL = 0;
				GCC_PREPROCESSOR_DEFINITIONS = (
					"DEBUG=1",
					"$(inherited)",
				);
				GCC_WARN_64_TO_32_BIT_CONVERSION = YES;
				GCC_WARN_ABOUT_RETURN_TYPE = YES_ERROR;
				GCC_WARN_UNDECLARED_SELECTOR = YES;
				GCC_WARN_UNINITIALIZED_AUTOS = YES_AGGRESSIVE;
				GCC_WARN_UNUSED_FUNCTION = YES;
				GCC_WARN_UNUSED_VARIABLE = YES;
				IPHONEOS_DEPLOYMENT_TARGET = 9.2;
				MTL_ENABLE_DEBUG_INFO = YES;
				ONLY_ACTIVE_ARCH = YES;
				SDKROOT = iphoneos;
				SWIFT_OPTIMIZATION_LEVEL = "-Onone";
			};
			name = Debug;
		};
		46FF3DDC1C676BBA0034764A /* Release */ = {
			isa = XCBuildConfiguration;
			buildSettings = {
				ALWAYS_SEARCH_USER_PATHS = NO;
				CLANG_CXX_LANGUAGE_STANDARD = "gnu++0x";
				CLANG_CXX_LIBRARY = "libc++";
				CLANG_ENABLE_MODULES = YES;
				CLANG_ENABLE_OBJC_ARC = YES;
				CLANG_WARN_BOOL_CONVERSION = YES;
				CLANG_WARN_CONSTANT_CONVERSION = YES;
				CLANG_WARN_DIRECT_OBJC_ISA_USAGE = YES_ERROR;
				CLANG_WARN_EMPTY_BODY = YES;
				CLANG_WARN_ENUM_CONVERSION = YES;
				CLANG_WARN_INT_CONVERSION = YES;
				CLANG_WARN_OBJC_ROOT_CLASS = YES_ERROR;
				CLANG_WARN_UNREACHABLE_CODE = YES;
				CLANG_WARN__DUPLICATE_METHOD_MATCH = YES;
				"CODE_SIGN_IDENTITY[sdk=iphoneos*]" = "iPhone Developer";
				COPY_PHASE_STRIP = NO;
				DEBUG_INFORMATION_FORMAT = "dwarf-with-dsym";
				ENABLE_NS_ASSERTIONS = NO;
				ENABLE_STRICT_OBJC_MSGSEND = YES;
				GCC_C_LANGUAGE_STANDARD = gnu99;
				GCC_NO_COMMON_BLOCKS = YES;
				GCC_WARN_64_TO_32_BIT_CONVERSION = YES;
				GCC_WARN_ABOUT_RETURN_TYPE = YES_ERROR;
				GCC_WARN_UNDECLARED_SELECTOR = YES;
				GCC_WARN_UNINITIALIZED_AUTOS = YES_AGGRESSIVE;
				GCC_WARN_UNUSED_FUNCTION = YES;
				GCC_WARN_UNUSED_VARIABLE = YES;
				IPHONEOS_DEPLOYMENT_TARGET = 9.2;
				MTL_ENABLE_DEBUG_INFO = NO;
				SDKROOT = iphoneos;
				VALIDATE_PRODUCT = YES;
			};
			name = Release;
		};
		46FF3DDE1C676BBA0034764A /* Debug */ = {
			isa = XCBuildConfiguration;
			buildSettings = {
				ASSETCATALOG_COMPILER_APPICON_NAME = AppIcon;
				INFOPLIST_FILE = Othello/Info.plist;
				LD_RUNPATH_SEARCH_PATHS = "$(inherited) @executable_path/Frameworks";
				PRODUCT_BUNDLE_IDENTIFIER = com.kujiranoki.Othello;
				PRODUCT_NAME = "$(TARGET_NAME)";
			};
			name = Debug;
		};
		46FF3DDF1C676BBA0034764A /* Release */ = {
			isa = XCBuildConfiguration;
			buildSettings = {
				ASSETCATALOG_COMPILER_APPICON_NAME = AppIcon;
				INFOPLIST_FILE = Othello/Info.plist;
				LD_RUNPATH_SEARCH_PATHS = "$(inherited) @executable_path/Frameworks";
				PRODUCT_BUNDLE_IDENTIFIER = com.kujiranoki.Othello;
				PRODUCT_NAME = "$(TARGET_NAME)";
			};
			name = Release;
		};
		46FF3DE11C676BBA0034764A /* Debug */ = {
			isa = XCBuildConfiguration;
			buildSettings = {
				BUNDLE_LOADER = "$(TEST_HOST)";
				INFOPLIST_FILE = OthelloTests/Info.plist;
				LD_RUNPATH_SEARCH_PATHS = "$(inherited) @executable_path/Frameworks @loader_path/Frameworks";
				PRODUCT_BUNDLE_IDENTIFIER = com.kujiranoki.OthelloTests;
				PRODUCT_NAME = "$(TARGET_NAME)";
				TEST_HOST = "$(BUILT_PRODUCTS_DIR)/Othello.app/Othello";
			};
			name = Debug;
		};
		46FF3DE21C676BBA0034764A /* Release */ = {
			isa = XCBuildConfiguration;
			buildSettings = {
				BUNDLE_LOADER = "$(TEST_HOST)";
				INFOPLIST_FILE = OthelloTests/Info.plist;
				LD_RUNPATH_SEARCH_PATHS = "$(inherited) @executable_path/Frameworks @loader_path/Frameworks";
				PRODUCT_BUNDLE_IDENTIFIER = com.kujiranoki.OthelloTests;
				PRODUCT_NAME = "$(TARGET_NAME)";
				TEST_HOST = "$(BUILT_PRODUCTS_DIR)/Othello.app/Othello";
			};
			name = Release;
		};
		46FF3DE41C676BBA0034764A /* Debug */ = {
			isa = XCBuildConfiguration;
			buildSettings = {
				INFOPLIST_FILE = OthelloUITests/Info.plist;
				LD_RUNPATH_SEARCH_PATHS = "$(inherited) @executable_path/Frameworks @loader_path/Frameworks";
				PRODUCT_BUNDLE_IDENTIFIER = com.kujiranoki.OthelloUITests;
				PRODUCT_NAME = "$(TARGET_NAME)";
				TEST_TARGET_NAME = Othello;
				USES_XCTRUNNER = YES;
			};
			name = Debug;
		};
		46FF3DE51C676BBA0034764A /* Release */ = {
			isa = XCBuildConfiguration;
			buildSettings = {
				INFOPLIST_FILE = OthelloUITests/Info.plist;
				LD_RUNPATH_SEARCH_PATHS = "$(inherited) @executable_path/Frameworks @loader_path/Frameworks";
				PRODUCT_BUNDLE_IDENTIFIER = com.kujiranoki.OthelloUITests;
				PRODUCT_NAME = "$(TARGET_NAME)";
				TEST_TARGET_NAME = Othello;
				USES_XCTRUNNER = YES;
			};
			name = Release;
		};
/* End XCBuildConfiguration section */

/* Begin XCConfigurationList section */
		46FF3DB01C676BBA0034764A /* Build configuration list for PBXProject "Othello" */ = {
			isa = XCConfigurationList;
			buildConfigurations = (
				46FF3DDB1C676BBA0034764A /* Debug */,
				46FF3DDC1C676BBA0034764A /* Release */,
			);
			defaultConfigurationIsVisible = 0;
			defaultConfigurationName = Release;
		};
		46FF3DDD1C676BBA0034764A /* Build configuration list for PBXNativeTarget "Othello" */ = {
			isa = XCConfigurationList;
			buildConfigurations = (
				46FF3DDE1C676BBA0034764A /* Debug */,
				46FF3DDF1C676BBA0034764A /* Release */,
			);
			defaultConfigurationIsVisible = 0;
		};
		46FF3DE01C676BBA0034764A /* Build configuration list for PBXNativeTarget "OthelloTests" */ = {
			isa = XCConfigurationList;
			buildConfigurations = (
				46FF3DE11C676BBA0034764A /* Debug */,
				46FF3DE21C676BBA0034764A /* Release */,
			);
			defaultConfigurationIsVisible = 0;
		};
		46FF3DE31C676BBA0034764A /* Build configuration list for PBXNativeTarget "OthelloUITests" */ = {
			isa = XCConfigurationList;
			buildConfigurations = (
				46FF3DE41C676BBA0034764A /* Debug */,
				46FF3DE51C676BBA0034764A /* Release */,
			);
			defaultConfigurationIsVisible = 0;
		};
/* End XCConfigurationList section */
	};
	rootObject = 46FF3DAD1C676BBA0034764A /* Project object */;
}
